// !$*UTF8*$!
{
	archiveVersion = 1;
	classes = {
	};
	objectVersion = 50;
	objects = {

/* Begin PBXBuildFile section */
		6437A1A722986DB60061A44C /* TableViewController.swift in Sources */ = {isa = PBXBuildFile; fileRef = 6437A1A622986DB60061A44C /* TableViewController.swift */; };
		6437A1A922986EB60061A44C /* animal.swift in Sources */ = {isa = PBXBuildFile; fileRef = 6437A1A822986EB60061A44C /* animal.swift */; };
		6437A1AB2298704A0061A44C /* AnimalViewController.swift in Sources */ = {isa = PBXBuildFile; fileRef = 6437A1AA2298704A0061A44C /* AnimalViewController.swift */; };
		6437A1AD229872230061A44C /* WebViewController.swift in Sources */ = {isa = PBXBuildFile; fileRef = 6437A1AC229872230061A44C /* WebViewController.swift */; };
		64B066B32289FABB000EB793 /* AppDelegate.swift in Sources */ = {isa = PBXBuildFile; fileRef = 64B066B22289FABB000EB793 /* AppDelegate.swift */; };
		64B066B52289FABB000EB793 /* ViewController.swift in Sources */ = {isa = PBXBuildFile; fileRef = 64B066B42289FABB000EB793 /* ViewController.swift */; };
		64B066B82289FABB000EB793 /* Main.storyboard in Resources */ = {isa = PBXBuildFile; fileRef = 64B066B62289FABB000EB793 /* Main.storyboard */; };
		64B066BA2289FABC000EB793 /* Assets.xcassets in Resources */ = {isa = PBXBuildFile; fileRef = 64B066B92289FABC000EB793 /* Assets.xcassets */; };
		64B066BD2289FABC000EB793 /* LaunchScreen.storyboard in Resources */ = {isa = PBXBuildFile; fileRef = 64B066BB2289FABC000EB793 /* LaunchScreen.storyboard */; };
		64B066C82289FABC000EB793 /* Final_ProjectTests.swift in Sources */ = {isa = PBXBuildFile; fileRef = 64B066C72289FABC000EB793 /* Final_ProjectTests.swift */; };
		64B066D32289FABC000EB793 /* Final_ProjectUITests.swift in Sources */ = {isa = PBXBuildFile; fileRef = 64B066D22289FABC000EB793 /* Final_ProjectUITests.swift */; };
/* End PBXBuildFile section */

/* Begin PBXContainerItemProxy section */
		64B066C42289FABC000EB793 /* PBXContainerItemProxy */ = {
			isa = PBXContainerItemProxy;
			containerPortal = 64B066A72289FABB000EB793 /* Project object */;
			proxyType = 1;
			remoteGlobalIDString = 64B066AE2289FABB000EB793;
			remoteInfo = "Final Project";
		};
		64B066CF2289FABC000EB793 /* PBXContainerItemProxy */ = {
			isa = PBXContainerItemProxy;
			containerPortal = 64B066A72289FABB000EB793 /* Project object */;
			proxyType = 1;
			remoteGlobalIDString = 64B066AE2289FABB000EB793;
			remoteInfo = "Final Project";
		};
/* End PBXContainerItemProxy section */

/* Begin PBXFileReference section */
		6437A1A622986DB60061A44C /* TableViewController.swift */ = {isa = PBXFileReference; lastKnownFileType = sourcecode.swift; path = TableViewController.swift; sourceTree = "<group>"; };
		6437A1A822986EB60061A44C /* animal.swift */ = {isa = PBXFileReference; lastKnownFileType = sourcecode.swift; path = animal.swift; sourceTree = "<group>"; };
		6437A1AA2298704A0061A44C /* AnimalViewController.swift */ = {isa = PBXFileReference; lastKnownFileType = sourcecode.swift; path = AnimalViewController.swift; sourceTree = "<group>"; };
		6437A1AC229872230061A44C /* WebViewController.swift */ = {isa = PBXFileReference; lastKnownFileType = sourcecode.swift; path = WebViewController.swift; sourceTree = "<group>"; };
		64B066AF2289FABB000EB793 /* Final Project.app */ = {isa = PBXFileReference; explicitFileType = wrapper.application; includeInIndex = 0; path = "Final Project.app"; sourceTree = BUILT_PRODUCTS_DIR; };
		64B066B22289FABB000EB793 /* AppDelegate.swift */ = {isa = PBXFileReference; lastKnownFileType = sourcecode.swift; path = AppDelegate.swift; sourceTree = "<group>"; };
		64B066B42289FABB000EB793 /* ViewController.swift */ = {isa = PBXFileReference; lastKnownFileType = sourcecode.swift; path = ViewController.swift; sourceTree = "<group>"; };
		64B066B72289FABB000EB793 /* Base */ = {isa = PBXFileReference; lastKnownFileType = file.storyboard; name = Base; path = Base.lproj/Main.storyboard; sourceTree = "<group>"; };
		64B066B92289FABC000EB793 /* Assets.xcassets */ = {isa = PBXFileReference; lastKnownFileType = folder.assetcatalog; path = Assets.xcassets; sourceTree = "<group>"; };
		64B066BC2289FABC000EB793 /* Base */ = {isa = PBXFileReference; lastKnownFileType = file.storyboard; name = Base; path = Base.lproj/LaunchScreen.storyboard; sourceTree = "<group>"; };
		64B066BE2289FABC000EB793 /* Info.plist */ = {isa = PBXFileReference; lastKnownFileType = text.plist.xml; path = Info.plist; sourceTree = "<group>"; };
		64B066C32289FABC000EB793 /* Final ProjectTests.xctest */ = {isa = PBXFileReference; explicitFileType = wrapper.cfbundle; includeInIndex = 0; path = "Final ProjectTests.xctest"; sourceTree = BUILT_PRODUCTS_DIR; };
		64B066C72289FABC000EB793 /* Final_ProjectTests.swift */ = {isa = PBXFileReference; lastKnownFileType = sourcecode.swift; path = Final_ProjectTests.swift; sourceTree = "<group>"; };
		64B066C92289FABC000EB793 /* Info.plist */ = {isa = PBXFileReference; lastKnownFileType = text.plist.xml; path = Info.plist; sourceTree = "<group>"; };
		64B066CE2289FABC000EB793 /* Final ProjectUITests.xctest */ = {isa = PBXFileReference; explicitFileType = wrapper.cfbundle; includeInIndex = 0; path = "Final ProjectUITests.xctest"; sourceTree = BUILT_PRODUCTS_DIR; };
		64B066D22289FABC000EB793 /* Final_ProjectUITests.swift */ = {isa = PBXFileReference; lastKnownFileType = sourcecode.swift; path = Final_ProjectUITests.swift; sourceTree = "<group>"; };
		64B066D42289FABC000EB793 /* Info.plist */ = {isa = PBXFileReference; lastKnownFileType = text.plist.xml; path = Info.plist; sourceTree = "<group>"; };
/* End PBXFileReference section */

/* Begin PBXFrameworksBuildPhase section */
		64B066AC2289FABB000EB793 /* Frameworks */ = {
			isa = PBXFrameworksBuildPhase;
			buildActionMask = 2147483647;
			files = (
			);
			runOnlyForDeploymentPostprocessing = 0;
		};
		64B066C02289FABC000EB793 /* Frameworks */ = {
			isa = PBXFrameworksBuildPhase;
			buildActionMask = 2147483647;
			files = (
			);
			runOnlyForDeploymentPostprocessing = 0;
		};
		64B066CB2289FABC000EB793 /* Frameworks */ = {
			isa = PBXFrameworksBuildPhase;
			buildActionMask = 2147483647;
			files = (
			);
			runOnlyForDeploymentPostprocessing = 0;
		};
/* End PBXFrameworksBuildPhase section */

/* Begin PBXGroup section */
		64B066A62289FABB000EB793 = {
			isa = PBXGroup;
			children = (
				64B066B12289FABB000EB793 /* Final Project */,
				64B066C62289FABC000EB793 /* Final ProjectTests */,
				64B066D12289FABC000EB793 /* Final ProjectUITests */,
				64B066B02289FABB000EB793 /* Products */,
			);
			sourceTree = "<group>";
		};
		64B066B02289FABB000EB793 /* Products */ = {
			isa = PBXGroup;
			children = (
				64B066AF2289FABB000EB793 /* Final Project.app */,
				64B066C32289FABC000EB793 /* Final ProjectTests.xctest */,
				64B066CE2289FABC000EB793 /* Final ProjectUITests.xctest */,
			);
			name = Products;
			sourceTree = "<group>";
		};
		64B066B12289FABB000EB793 /* Final Project */ = {
			isa = PBXGroup;
			children = (
				64B066B22289FABB000EB793 /* AppDelegate.swift */,
				64B066B42289FABB000EB793 /* ViewController.swift */,
				6437A1A622986DB60061A44C /* TableViewController.swift */,
				6437A1A822986EB60061A44C /* animal.swift */,
				64B066B62289FABB000EB793 /* Main.storyboard */,
				6437A1AC229872230061A44C /* WebViewController.swift */,
				6437A1AA2298704A0061A44C /* AnimalViewController.swift */,
				64B066B92289FABC000EB793 /* Assets.xcassets */,
				64B066BB2289FABC000EB793 /* LaunchScreen.storyboard */,
				64B066BE2289FABC000EB793 /* Info.plist */,
			);
			path = "Final Project";
			sourceTree = "<group>";
		};
		64B066C62289FABC000EB793 /* Final ProjectTests */ = {
			isa = PBXGroup;
			children = (
				64B066C72289FABC000EB793 /* Final_ProjectTests.swift */,
				64B066C92289FABC000EB793 /* Info.plist */,
			);
			path = "Final ProjectTests";
			sourceTree = "<group>";
		};
		64B066D12289FABC000EB793 /* Final ProjectUITests */ = {
			isa = PBXGroup;
			children = (
				64B066D22289FABC000EB793 /* Final_ProjectUITests.swift */,
				64B066D42289FABC000EB793 /* Info.plist */,
			);
			path = "Final ProjectUITests";
			sourceTree = "<group>";
		};
/* End PBXGroup section */

/* Begin PBXNativeTarget section */
		64B066AE2289FABB000EB793 /* Final Project */ = {
			isa = PBXNativeTarget;
			buildConfigurationList = 64B066D72289FABC000EB793 /* Build configuration list for PBXNativeTarget "Final Project" */;
			buildPhases = (
				64B066AB2289FABB000EB793 /* Sources */,
				64B066AC2289FABB000EB793 /* Frameworks */,
				64B066AD2289FABB000EB793 /* Resources */,
			);
			buildRules = (
			);
			dependencies = (
			);
			name = "Final Project";
			productName = "Final Project";
			productReference = 64B066AF2289FABB000EB793 /* Final Project.app */;
			productType = "com.apple.product-type.application";
		};
		64B066C22289FABC000EB793 /* Final ProjectTests */ = {
			isa = PBXNativeTarget;
			buildConfigurationList = 64B066DA2289FABC000EB793 /* Build configuration list for PBXNativeTarget "Final ProjectTests" */;
			buildPhases = (
				64B066BF2289FABC000EB793 /* Sources */,
				64B066C02289FABC000EB793 /* Frameworks */,
				64B066C12289FABC000EB793 /* Resources */,
			);
			buildRules = (
			);
			dependencies = (
				64B066C52289FABC000EB793 /* PBXTargetDependency */,
			);
			name = "Final ProjectTests";
			productName = "Final ProjectTests";
			productReference = 64B066C32289FABC000EB793 /* Final ProjectTests.xctest */;
			productType = "com.apple.product-type.bundle.unit-test";
		};
		64B066CD2289FABC000EB793 /* Final ProjectUITests */ = {
			isa = PBXNativeTarget;
			buildConfigurationList = 64B066DD2289FABC000EB793 /* Build configuration list for PBXNativeTarget "Final ProjectUITests" */;
			buildPhases = (
				64B066CA2289FABC000EB793 /* Sources */,
				64B066CB2289FABC000EB793 /* Frameworks */,
				64B066CC2289FABC000EB793 /* Resources */,
			);
			buildRules = (
			);
			dependencies = (
				64B066D02289FABC000EB793 /* PBXTargetDependency */,
			);
			name = "Final ProjectUITests";
			productName = "Final ProjectUITests";
			productReference = 64B066CE2289FABC000EB793 /* Final ProjectUITests.xctest */;
			productType = "com.apple.product-type.bundle.ui-testing";
		};
/* End PBXNativeTarget section */

/* Begin PBXProject section */
		64B066A72289FABB000EB793 /* Project object */ = {
			isa = PBXProject;
			attributes = {
				LastSwiftUpdateCheck = 1010;
				LastUpgradeCheck = 1010;
				ORGANIZATIONNAME = "Theory Millar";
				TargetAttributes = {
					64B066AE2289FABB000EB793 = {
						CreatedOnToolsVersion = 10.1;
					};
					64B066C22289FABC000EB793 = {
						CreatedOnToolsVersion = 10.1;
						TestTargetID = 64B066AE2289FABB000EB793;
					};
					64B066CD2289FABC000EB793 = {
						CreatedOnToolsVersion = 10.1;
						TestTargetID = 64B066AE2289FABB000EB793;
					};
				};
			};
			buildConfigurationList = 64B066AA2289FABB000EB793 /* Build configuration list for PBXProject "Final Project" */;
			compatibilityVersion = "Xcode 9.3";
			developmentRegion = en;
			hasScannedForEncodings = 0;
			knownRegions = (
				en,
				Base,
			);
			mainGroup = 64B066A62289FABB000EB793;
			productRefGroup = 64B066B02289FABB000EB793 /* Products */;
			projectDirPath = "";
			projectRoot = "";
			targets = (
				64B066AE2289FABB000EB793 /* Final Project */,
				64B066C22289FABC000EB793 /* Final ProjectTests */,
				64B066CD2289FABC000EB793 /* Final ProjectUITests */,
			);
		};
/* End PBXProject section */

/* Begin PBXResourcesBuildPhase section */
		64B066AD2289FABB000EB793 /* Resources */ = {
			isa = PBXResourcesBuildPhase;
			buildActionMask = 2147483647;
			files = (
				64B066BD2289FABC000EB793 /* LaunchScreen.storyboard in Resources */,
				64B066BA2289FABC000EB793 /* Assets.xcassets in Resources */,
				64B066B82289FABB000EB793 /* Main.storyboard in Resources */,
			);
			runOnlyForDeploymentPostprocessing = 0;
		};
		64B066C12289FABC000EB793 /* Resources */ = {
			isa = PBXResourcesBuildPhase;
			buildActionMask = 2147483647;
			files = (
			);
			runOnlyForDeploymentPostprocessing = 0;
		};
		64B066CC2289FABC000EB793 /* Resources */ = {
			isa = PBXResourcesBuildPhase;
			buildActionMask = 2147483647;
			files = (
			);
			runOnlyForDeploymentPostprocessing = 0;
		};
/* End PBXResourcesBuildPhase section */

/* Begin PBXSourcesBuildPhase section */
		64B066AB2289FABB000EB793 /* Sources */ = {
			isa = PBXSourcesBuildPhase;
			buildActionMask = 2147483647;
			files = (
				6437A1AB2298704A0061A44C /* AnimalViewController.swift in Sources */,
				6437A1AD229872230061A44C /* WebViewController.swift in Sources */,
				64B066B52289FABB000EB793 /* ViewController.swift in Sources */,
				6437A1A922986EB60061A44C /* animal.swift in Sources */,
				6437A1A722986DB60061A44C /* TableViewController.swift in Sources */,
				64B066B32289FABB000EB793 /* AppDelegate.swift in Sources */,
			);
			runOnlyForDeploymentPostprocessing = 0;
		};
		64B066BF2289FABC000EB793 /* Sources */ = {
			isa = PBXSourcesBuildPhase;
			buildActionMask = 2147483647;
			files = (
				64B066C82289FABC000EB793 /* Final_ProjectTests.swift in Sources */,
			);
			runOnlyForDeploymentPostprocessing = 0;
		};
		64B066CA2289FABC000EB793 /* Sources */ = {
			isa = PBXSourcesBuildPhase;
			buildActionMask = 2147483647;
			files = (
				64B066D32289FABC000EB793 /* Final_ProjectUITests.swift in Sources */,
			);
			runOnlyForDeploymentPostprocessing = 0;
		};
/* End PBXSourcesBuildPhase section */

/* Begin PBXTargetDependency section */
		64B066C52289FABC000EB793 /* PBXTargetDependency */ = {
			isa = PBXTargetDependency;
			target = 64B066AE2289FABB000EB793 /* Final Project */;
			targetProxy = 64B066C42289FABC000EB793 /* PBXContainerItemProxy */;
		};
		64B066D02289FABC000EB793 /* PBXTargetDependency */ = {
			isa = PBXTargetDependency;
			target = 64B066AE2289FABB000EB793 /* Final Project */;
			targetProxy = 64B066CF2289FABC000EB793 /* PBXContainerItemProxy */;
		};
/* End PBXTargetDependency section */

/* Begin PBXVariantGroup section */
		64B066B62289FABB000EB793 /* Main.storyboard */ = {
			isa = PBXVariantGroup;
			children = (
				64B066B72289FABB000EB793 /* Base */,
			);
			name = Main.storyboard;
			sourceTree = "<group>";
		};
		64B066BB2289FABC000EB793 /* LaunchScreen.storyboard */ = {
			isa = PBXVariantGroup;
			children = (
				64B066BC2289FABC000EB793 /* Base */,
			);
			name = LaunchScreen.storyboard;
			sourceTree = "<group>";
		};
/* End PBXVariantGroup section */

/* Begin XCBuildConfiguration section */
		64B066D52289FABC000EB793 /* Debug */ = {
			isa = XCBuildConfiguration;
			buildSettings = {
				ALWAYS_SEARCH_USER_PATHS = NO;
				CLANG_ANALYZER_NONNULL = YES;
				CLANG_ANALYZER_NUMBER_OBJECT_CONVERSION = YES_AGGRESSIVE;
				CLANG_CXX_LANGUAGE_STANDARD = "gnu++14";
				CLANG_CXX_LIBRARY = "libc++";
				CLANG_ENABLE_MODULES = YES;
				CLANG_ENABLE_OBJC_ARC = YES;
				CLANG_ENABLE_OBJC_WEAK = YES;
				CLANG_WARN_BLOCK_CAPTURE_AUTORELEASING = YES;
				CLANG_WARN_BOOL_CONVERSION = YES;
				CLANG_WARN_COMMA = YES;
				CLANG_WARN_CONSTANT_CONVERSION = YES;
				CLANG_WARN_DEPRECATED_OBJC_IMPLEMENTATIONS = YES;
				CLANG_WARN_DIRECT_OBJC_ISA_USAGE = YES_ERROR;
				CLANG_WARN_DOCUMENTATION_COMMENTS = YES;
				CLANG_WARN_EMPTY_BODY = YES;
				CLANG_WARN_ENUM_CONVERSION = YES;
				CLANG_WARN_INFINITE_RECURSION = YES;
				CLANG_WARN_INT_CONVERSION = YES;
				CLANG_WARN_NON_LITERAL_NULL_CONVERSION = YES;
				CLANG_WARN_OBJC_IMPLICIT_RETAIN_SELF = YES;
				CLANG_WARN_OBJC_LITERAL_CONVERSION = YES;
				CLANG_WARN_OBJC_ROOT_CLASS = YES_ERROR;
				CLANG_WARN_RANGE_LOOP_ANALYSIS = YES;
				CLANG_WARN_STRICT_PROTOTYPES = YES;
				CLANG_WARN_SUSPICIOUS_MOVE = YES;
				CLANG_WARN_UNGUARDED_AVAILABILITY = YES_AGGRESSIVE;
				CLANG_WARN_UNREACHABLE_CODE = YES;
				CLANG_WARN__DUPLICATE_METHOD_MATCH = YES;
				CODE_SIGN_IDENTITY = "iPhone Developer";
				COPY_PHASE_STRIP = NO;
				DEBUG_INFORMATION_FORMAT = dwarf;
				ENABLE_STRICT_OBJC_MSGSEND = YES;
				ENABLE_TESTABILITY = YES;
				GCC_C_LANGUAGE_STANDARD = gnu11;
				GCC_DYNAMIC_NO_PIC = NO;
				GCC_NO_COMMON_BLOCKS = YES;
				GCC_OPTIMIZATION_LEVEL = 0;
				GCC_PREPROCESSOR_DEFINITIONS = (
					"DEBUG=1",
					"$(inherited)",
				);
				GCC_WARN_64_TO_32_BIT_CONVERSION = YES;
				GCC_WARN_ABOUT_RETURN_TYPE = YES_ERROR;
				GCC_WARN_UNDECLARED_SELECTOR = YES;
				GCC_WARN_UNINITIALIZED_AUTOS = YES_AGGRESSIVE;
				GCC_WARN_UNUSED_FUNCTION = YES;
				GCC_WARN_UNUSED_VARIABLE = YES;
				IPHONEOS_DEPLOYMENT_TARGET = 12.1;
				MTL_ENABLE_DEBUG_INFO = INCLUDE_SOURCE;
				MTL_FAST_MATH = YES;
				ONLY_ACTIVE_ARCH = YES;
				SDKROOT = iphoneos;
				SWIFT_ACTIVE_COMPILATION_CONDITIONS = DEBUG;
				SWIFT_OPTIMIZATION_LEVEL = "-Onone";
			};
			name = Debug;
		};
		64B066D62289FABC000EB793 /* Release */ = {
			isa = XCBuildConfiguration;
			buildSettings = {
				ALWAYS_SEARCH_USER_PATHS = NO;
				CLANG_ANALYZER_NONNULL = YES;
				CLANG_ANALYZER_NUMBER_OBJECT_CONVERSION = YES_AGGRESSIVE;
				CLANG_CXX_LANGUAGE_STANDARD = "gnu++14";
				CLANG_CXX_LIBRARY = "libc++";
				CLANG_ENABLE_MODULES = YES;
				CLANG_ENABLE_OBJC_ARC = YES;
				CLANG_ENABLE_OBJC_WEAK = YES;
				CLANG_WARN_BLOCK_CAPTURE_AUTORELEASING = YES;
				CLANG_WARN_BOOL_CONVERSION = YES;
				CLANG_WARN_COMMA = YES;
				CLANG_WARN_CONSTANT_CONVERSION = YES;
				CLANG_WARN_DEPRECATED_OBJC_IMPLEMENTATIONS = YES;
				CLANG_WARN_DIRECT_OBJC_ISA_USAGE = YES_ERROR;
				CLANG_WARN_DOCUMENTATION_COMMENTS = YES;
				CLANG_WARN_EMPTY_BODY = YES;
				CLANG_WARN_ENUM_CONVERSION = YES;
				CLANG_WARN_INFINITE_RECURSION = YES;
				CLANG_WARN_INT_CONVERSION = YES;
				CLANG_WARN_NON_LITERAL_NULL_CONVERSION = YES;
				CLANG_WARN_OBJC_IMPLICIT_RETAIN_SELF = YES;
				CLANG_WARN_OBJC_LITERAL_CONVERSION = YES;
				CLANG_WARN_OBJC_ROOT_CLASS = YES_ERROR;
				CLANG_WARN_RANGE_LOOP_ANALYSIS = YES;
				CLANG_WARN_STRICT_PROTOTYPES = YES;
				CLANG_WARN_SUSPICIOUS_MOVE = YES;
				CLANG_WARN_UNGUARDED_AVAILABILITY = YES_AGGRESSIVE;
				CLANG_WARN_UNREACHABLE_CODE = YES;
				CLANG_WARN__DUPLICATE_METHOD_MATCH = YES;
				CODE_SIGN_IDENTITY = "iPhone Developer";
				COPY_PHASE_STRIP = NO;
				DEBUG_INFORMATION_FORMAT = "dwarf-with-dsym";
				ENABLE_NS_ASSERTIONS = NO;
				ENABLE_STRICT_OBJC_MSGSEND = YES;
				GCC_C_LANGUAGE_STANDARD = gnu11;
				GCC_NO_COMMON_BLOCKS = YES;
				GCC_WARN_64_TO_32_BIT_CONVERSION = YES;
				GCC_WARN_ABOUT_RETURN_TYPE = YES_ERROR;
				GCC_WARN_UNDECLARED_SELECTOR = YES;
				GCC_WARN_UNINITIALIZED_AUTOS = YES_AGGRESSIVE;
				GCC_WARN_UNUSED_FUNCTION = YES;
				GCC_WARN_UNUSED_VARIABLE = YES;
				IPHONEOS_DEPLOYMENT_TARGET = 12.1;
				MTL_ENABLE_DEBUG_INFO = NO;
				MTL_FAST_MATH = YES;
				SDKROOT = iphoneos;
				SWIFT_COMPILATION_MODE = wholemodule;
				SWIFT_OPTIMIZATION_LEVEL = "-O";
				VALIDATE_PRODUCT = YES;
			};
			name = Release;
		};
		64B066D82289FABC000EB793 /* Debug */ = {
			isa = XCBuildConfiguration;
			buildSettings = {
				ASSETCATALOG_COMPILER_APPICON_NAME = AppIcon;
				CODE_SIGN_STYLE = Automatic;
				DEVELOPMENT_TEAM = HALNV387FK;
				INFOPLIST_FILE = "Final Project/Info.plist";
				LD_RUNPATH_SEARCH_PATHS = (
					"$(inherited)",
					"@executable_path/Frameworks",
				);
				PRODUCT_BUNDLE_IDENTIFIER = "com.final.Final-Project";
				PRODUCT_NAME = "$(TARGET_NAME)";
				SWIFT_VERSION = 4.2;
				TARGETED_DEVICE_FAMILY = "1,2";
			};
			name = Debug;
		};
		64B066D92289FABC000EB793 /* Release */ = {
			isa = XCBuildConfiguration;
			buildSettings = {
				ASSETCATALOG_COMPILER_APPICON_NAME = AppIcon;
				CODE_SIGN_STYLE = Automatic;
				DEVELOPMENT_TEAM = HALNV387FK;
				INFOPLIST_FILE = "Final Project/Info.plist";
				LD_RUNPATH_SEARCH_PATHS = (
					"$(inherited)",
					"@executable_path/Frameworks",
				);
				PRODUCT_BUNDLE_IDENTIFIER = "com.final.Final-Project";
				PRODUCT_NAME = "$(TARGET_NAME)";
				SWIFT_VERSION = 4.2;
				TARGETED_DEVICE_FAMILY = "1,2";
			};
			name = Release;
		};
		64B066DB2289FABC000EB793 /* Debug */ = {
			isa = XCBuildConfiguration;
			buildSettings = {
				ALWAYS_EMBED_SWIFT_STANDARD_LIBRARIES = YES;
				BUNDLE_LOADER = "$(TEST_HOST)";
				CODE_SIGN_STYLE = Automatic;
				DEVELOPMENT_TEAM = HALNV387FK;
				INFOPLIST_FILE = "Final ProjectTests/Info.plist";
				LD_RUNPATH_SEARCH_PATHS = (
					"$(inherited)",
					"@executable_path/Frameworks",
					"@loader_path/Frameworks",
				);
				PRODUCT_BUNDLE_IDENTIFIER = "com.final.Final-ProjectTests";
				PRODUCT_NAME = "$(TARGET_NAME)";
				SWIFT_VERSION = 4.2;
				TARGETED_DEVICE_FAMILY = "1,2";
				TEST_HOST = "$(BUILT_PRODUCTS_DIR)/Final Project.app/Final Project";
			};
			name = Debug;
		};
		64B066DC2289FABC000EB793 /* Release */ = {
			isa = XCBuildConfiguration;
			buildSettings = {
				ALWAYS_EMBED_SWIFT_STANDARD_LIBRARIES = YES;
				BUNDLE_LOADER = "$(TEST_HOST)";
				CODE_SIGN_STYLE = Automatic;
				DEVELOPMENT_TEAM = HALNV387FK;
				INFOPLIST_FILE = "Final ProjectTests/Info.plist";
				LD_RUNPATH_SEARCH_PATHS = (
					"$(inherited)",
					"@executable_path/Frameworks",
					"@loader_path/Frameworks",
				);
				PRODUCT_BUNDLE_IDENTIFIER = "com.final.Final-ProjectTests";
				PRODUCT_NAME = "$(TARGET_NAME)";
				SWIFT_VERSION = 4.2;
				TARGETED_DEVICE_FAMILY = "1,2";
				TEST_HOST = "$(BUILT_PRODUCTS_DIR)/Final Project.app/Final Project";
			};
			name = Release;
		};
		64B066DE2289FABC000EB793 /* Debug */ = {
			isa = XCBuildConfiguration;
			buildSettings = {
				ALWAYS_EMBED_SWIFT_STANDARD_LIBRARIES = YES;
				CODE_SIGN_STYLE = Automatic;
				DEVELOPMENT_TEAM = HALNV387FK;
				INFOPLIST_FILE = "Final ProjectUITests/Info.plist";
				LD_RUNPATH_SEARCH_PATHS = (
					"$(inherited)",
					"@executable_path/Frameworks",
					"@loader_path/Frameworks",
				);
				PRODUCT_BUNDLE_IDENTIFIER = "com.final.Final-ProjectUITests";
				PRODUCT_NAME = "$(TARGET_NAME)";
				SWIFT_VERSION = 4.2;
				TARGETED_DEVICE_FAMILY = "1,2";
				TEST_TARGET_NAME = "Final Project";
			};
			name = Debug;
		};
		64B066DF2289FABC000EB793 /* Release */ = {
			isa = XCBuildConfiguration;
			buildSettings = {
				ALWAYS_EMBED_SWIFT_STANDARD_LIBRARIES = YES;
				CODE_SIGN_STYLE = Automatic;
				DEVELOPMENT_TEAM = HALNV387FK;
				INFOPLIST_FILE = "Final ProjectUITests/Info.plist";
				LD_RUNPATH_SEARCH_PATHS = (
					"$(inherited)",
					"@executable_path/Frameworks",
					"@loader_path/Frameworks",
				);
				PRODUCT_BUNDLE_IDENTIFIER = "com.final.Final-ProjectUITests";
				PRODUCT_NAME = "$(TARGET_NAME)";
				SWIFT_VERSION = 4.2;
				TARGETED_DEVICE_FAMILY = "1,2";
				TEST_TARGET_NAME = "Final Project";
			};
			name = Release;
		};
/* End XCBuildConfiguration section */

/* Begin XCConfigurationList section */
		64B066AA2289FABB000EB793 /* Build configuration list for PBXProject "Final Project" */ = {
			isa = XCConfigurationList;
			buildConfigurations = (
				64B066D52289FABC000EB793 /* Debug */,
				64B066D62289FABC000EB793 /* Release */,
			);
			defaultConfigurationIsVisible = 0;
			defaultConfigurationName = Release;
		};
		64B066D72289FABC000EB793 /* Build configuration list for PBXNativeTarget "Final Project" */ = {
			isa = XCConfigurationList;
			buildConfigurations = (
				64B066D82289FABC000EB793 /* Debug */,
				64B066D92289FABC000EB793 /* Release */,
			);
			defaultConfigurationIsVisible = 0;
			defaultConfigurationName = Release;
		};
		64B066DA2289FABC000EB793 /* Build configuration list for PBXNativeTarget "Final ProjectTests" */ = {
			isa = XCConfigurationList;
			buildConfigurations = (
				64B066DB2289FABC000EB793 /* Debug */,
				64B066DC2289FABC000EB793 /* Release */,
			);
			defaultConfigurationIsVisible = 0;
			defaultConfigurationName = Release;
		};
		64B066DD2289FABC000EB793 /* Build configuration list for PBXNativeTarget "Final ProjectUITests" */ = {
			isa = XCConfigurationList;
			buildConfigurations = (
				64B066DE2289FABC000EB793 /* Debug */,
				64B066DF2289FABC000EB793 /* Release */,
			);
			defaultConfigurationIsVisible = 0;
			defaultConfigurationName = Release;
		};
/* End XCConfigurationList section */
	};
	rootObject = 64B066A72289FABB000EB793 /* Project object */;
}
